{
  "name": "home1",
  "version": "1.0.0",
  "lockfileVersion": 3,
  "requires": true,
  "packages": {
    "": {
      "name": "home1",
      "version": "1.0.0",
      "license": "ISC",
      "dependencies": {
        "command-line-args": "^6.0.0"
      }
    },
    "node_modules/array-back": {
      "version": "6.2.2",
      "resolved": "https://registry.npmjs.org/array-back/-/array-back-6.2.2.tgz",
      "integrity": "sha512-gUAZ7HPyb4SJczXAMUXMGAvI976JoK3qEx9v1FTmeYuJj0IBiaKttG1ydtGKdkfqWkIkouke7nG8ufGy77+Cvw==",
      "license": "MIT",
      "engines": {
        "node": ">=12.17"
      }
    },
    "node_modules/command-line-args": {
      "version": "6.0.0",
      "resolved": "https://registry.npmjs.org/command-line-args/-/command-line-args-6.0.0.tgz",
      "integrity": "sha512-zDdHxHzlCp/gA1gy0VtPK3YL0Aob3ijJdwZ7H3HSl55hh8EziLtRlyj/od8EGRJfX8IjussC/mQkScl2Ms5Suw==",
      "license": "MIT",
      "dependencies": {
        "array-back": "^6.2.2",
        "find-replace": "^5.0.1",
        "lodash.camelcase": "^4.3.0",
        "typical": "^7.1.1"
      },
      "engines": {
        "node": ">=12.20"
      }
    },
    "node_modules/find-replace": {
      "version": "5.0.1",
      "resolved": "https://registry.npmjs.org/find-replace/-/find-replace-5.0.1.tgz",
      "integrity": "sha512-o5/Y8HrCNRuFF5rdNTkX8Vhv6kTFTV0t1zIoigwlCdbkA9qaapRzxvWPND2VvlFa9LBI05Q1i8ml/saMqkOJUQ==",
      "license": "MIT",
      "dependencies": {
        "array-back": "^6.2.2"
      },
      "engines": {
        "node": ">=14"
      }
    },
    "node_modules/lodash.camelcase": {
      "version": "4.3.0",
      "resolved": "https://registry.npmjs.org/lodash.camelcase/-/lodash.camelcase-4.3.0.tgz",
      "integrity": "sha512-TwuEnCnxbc3rAvhf/LbG7tJUDzhqXyFnv3dtzLOPgCG/hODL7WFnsbwktkD7yUV0RrreP/l1PALq/YSg6VvjlA==",
      "license": "MIT"
    },
    "node_modules/typical": {
      "version": "7.1.1",
      "resolved": "https://registry.npmjs.org/typical/-/typical-7.1.1.tgz",
      "integrity": "sha512-T+tKVNs6Wu7IWiAce5BgMd7OZfNYUndHwc5MknN+UHOudi7sGZzuHdCadllRuqJ3fPtgFtIH9+lt9qRv6lmpfA==",
      "license": "MIT",
      "engines": {
        "node": ">=12.17"
      }
    }
  }
}
